
Microsoft Visual Studio Solution File, Format Version 12.00
# Visual Studio Version 17
VisualStudioVersion = 17.11.35312.102
MinimumVisualStudioVersion = 10.0.40219.1
Project("{FAE04EC0-301F-11D3-BF4B-00C04F79EFBC}") = "SpeedMesApp", "SpeedMesApp\SpeedMesApp.csproj", "{484B49D1-EBD1-4618-B45A-73224714724E}"
EndProject
Global
	GlobalSection(SolutionConfigurationPlatforms) = preSolution
		Debug|Any CPU = Debug|Any CPU
		Release|Any CPU = Release|Any CPU
	EndGlobalSection
	GlobalSection(ProjectConfigurationPlatforms) = postSolution
		{484B49D1-EBD1-4618-B45A-73224714724E}.Debug|Any CPU.ActiveCfg = Debug|Any CPU
		{484B49D1-EBD1-4618-B45A-73224714724E}.Debug|Any CPU.Build.0 = Debug|Any CPU
		{484B49D1-EBD1-4618-B45A-73224714724E}.Release|Any CPU.ActiveCfg = Release|Any CPU
		{484B49D1-EBD1-4618-B45A-73224714724E}.Release|Any CPU.Build.0 = Release|Any CPU
	EndGlobalSection
	GlobalSection(SolutionProperties) = preSolution
		HideSolutionNode = FALSE
	EndGlobalSection
	GlobalSection(ExtensibilityGlobals) = postSolution
		SolutionGuid = {F831659D-E113-430E-AF47-4DBF4C613581}
	EndGlobalSection
EndGlobal
